// !$*UTF8*$!
{
	archiveVersion = 1;
	classes = {
	};
	objectVersion = 54;
	objects = {

/* Begin PBXBuildFile section */
		1BD2F88B280558C800A5DD7C /* AppDelegate.swift in Sources */ = {isa = PBXBuildFile; fileRef = 1BD2F88A280558C800A5DD7C /* AppDelegate.swift */; };
		1BD2F88D280558C800A5DD7C /* SceneDelegate.swift in Sources */ = {isa = PBXBuildFile; fileRef = 1BD2F88C280558C800A5DD7C /* SceneDelegate.swift */; };
		1BD2F892280558C800A5DD7C /* Main.storyboard in Resources */ = {isa = PBXBuildFile; fileRef = 1BD2F890280558C800A5DD7C /* Main.storyboard */; };
		1BD2F894280558CA00A5DD7C /* Assets.xcassets in Resources */ = {isa = PBXBuildFile; fileRef = 1BD2F893280558CA00A5DD7C /* Assets.xcassets */; };
		1BD2F897280558CA00A5DD7C /* LaunchScreen.storyboard in Resources */ = {isa = PBXBuildFile; fileRef = 1BD2F895280558CA00A5DD7C /* LaunchScreen.storyboard */; };
		1BD2F8A1280558E800A5DD7C /* CloudKit.framework in Frameworks */ = {isa = PBXBuildFile; fileRef = 1BD2F8A0280558E800A5DD7C /* CloudKit.framework */; };
		1BD2F8A52805599500A5DD7C /* ListTVC.swift in Sources */ = {isa = PBXBuildFile; fileRef = 1BD2F8A42805599500A5DD7C /* ListTVC.swift */; };
		1BD2F8A7280559AB00A5DD7C /* ListTVCell.swift in Sources */ = {isa = PBXBuildFile; fileRef = 1BD2F8A6280559AB00A5DD7C /* ListTVCell.swift */; };
		1BD2F8A928055DC700A5DD7C /* List.swift in Sources */ = {isa = PBXBuildFile; fileRef = 1BD2F8A828055DC700A5DD7C /* List.swift */; };
		1BD2F8AB28055E5D00A5DD7C /* Constants.swift in Sources */ = {isa = PBXBuildFile; fileRef = 1BD2F8AA28055E5D00A5DD7C /* Constants.swift */; };
		1BD2F8AD28055E7B00A5DD7C /* ListController.swift in Sources */ = {isa = PBXBuildFile; fileRef = 1BD2F8AC28055E7B00A5DD7C /* ListController.swift */; };
		1BD2F8B028055EB200A5DD7C /* ExerciseError.swift in Sources */ = {isa = PBXBuildFile; fileRef = 1BD2F8AF28055EB200A5DD7C /* ExerciseError.swift */; };
		1BD2F8B22805604800A5DD7C /* AlertController.swift in Sources */ = {isa = PBXBuildFile; fileRef = 1BD2F8B12805604800A5DD7C /* AlertController.swift */; };
/* End PBXBuildFile section */

/* Begin PBXFileReference section */
		1BD2F887280558C800A5DD7C /* VIPList.app */ = {isa = PBXFileReference; explicitFileType = wrapper.application; includeInIndex = 0; path = VIPList.app; sourceTree = BUILT_PRODUCTS_DIR; };
		1BD2F88A280558C800A5DD7C /* AppDelegate.swift */ = {isa = PBXFileReference; lastKnownFileType = sourcecode.swift; path = AppDelegate.swift; sourceTree = "<group>"; };
		1BD2F88C280558C800A5DD7C /* SceneDelegate.swift */ = {isa = PBXFileReference; lastKnownFileType = sourcecode.swift; path = SceneDelegate.swift; sourceTree = "<group>"; };
		1BD2F891280558C800A5DD7C /* Base */ = {isa = PBXFileReference; lastKnownFileType = file.storyboard; name = Base; path = Base.lproj/Main.storyboard; sourceTree = "<group>"; };
		1BD2F893280558CA00A5DD7C /* Assets.xcassets */ = {isa = PBXFileReference; lastKnownFileType = folder.assetcatalog; path = Assets.xcassets; sourceTree = "<group>"; };
		1BD2F896280558CA00A5DD7C /* Base */ = {isa = PBXFileReference; lastKnownFileType = file.storyboard; name = Base; path = Base.lproj/LaunchScreen.storyboard; sourceTree = "<group>"; };
		1BD2F898280558CA00A5DD7C /* Info.plist */ = {isa = PBXFileReference; lastKnownFileType = text.plist.xml; path = Info.plist; sourceTree = "<group>"; };
		1BD2F89E280558DE00A5DD7C /* VIPList.entitlements */ = {isa = PBXFileReference; lastKnownFileType = text.plist.entitlements; path = VIPList.entitlements; sourceTree = "<group>"; };
		1BD2F8A0280558E800A5DD7C /* CloudKit.framework */ = {isa = PBXFileReference; lastKnownFileType = wrapper.framework; name = CloudKit.framework; path = System/Library/Frameworks/CloudKit.framework; sourceTree = SDKROOT; };
		1BD2F8A42805599500A5DD7C /* ListTVC.swift */ = {isa = PBXFileReference; lastKnownFileType = sourcecode.swift; path = ListTVC.swift; sourceTree = "<group>"; };
		1BD2F8A6280559AB00A5DD7C /* ListTVCell.swift */ = {isa = PBXFileReference; lastKnownFileType = sourcecode.swift; path = ListTVCell.swift; sourceTree = "<group>"; };
		1BD2F8A828055DC700A5DD7C /* List.swift */ = {isa = PBXFileReference; lastKnownFileType = sourcecode.swift; path = List.swift; sourceTree = "<group>"; };
		1BD2F8AA28055E5D00A5DD7C /* Constants.swift */ = {isa = PBXFileReference; lastKnownFileType = sourcecode.swift; path = Constants.swift; sourceTree = "<group>"; };
		1BD2F8AC28055E7B00A5DD7C /* ListController.swift */ = {isa = PBXFileReference; lastKnownFileType = sourcecode.swift; path = ListController.swift; sourceTree = "<group>"; };
		1BD2F8AF28055EB200A5DD7C /* ExerciseError.swift */ = {isa = PBXFileReference; lastKnownFileType = sourcecode.swift; path = ExerciseError.swift; sourceTree = "<group>"; };
		1BD2F8B12805604800A5DD7C /* AlertController.swift */ = {isa = PBXFileReference; lastKnownFileType = sourcecode.swift; path = AlertController.swift; sourceTree = "<group>"; };
/* End PBXFileReference section */

/* Begin PBXFrameworksBuildPhase section */
		1BD2F884280558C800A5DD7C /* Frameworks */ = {
			isa = PBXFrameworksBuildPhase;
			buildActionMask = 2147483647;
			files = (
				1BD2F8A1280558E800A5DD7C /* CloudKit.framework in Frameworks */,
			);
			runOnlyForDeploymentPostprocessing = 0;
		};
/* End PBXFrameworksBuildPhase section */

/* Begin PBXGroup section */
		1BD2F87E280558C800A5DD7C = {
			isa = PBXGroup;
			children = (
				1BD2F889280558C800A5DD7C /* VIPList */,
				1BD2F888280558C800A5DD7C /* Products */,
				1BD2F89F280558E800A5DD7C /* Frameworks */,
			);
			sourceTree = "<group>";
		};
		1BD2F888280558C800A5DD7C /* Products */ = {
			isa = PBXGroup;
			children = (
				1BD2F887280558C800A5DD7C /* VIPList.app */,
			);
			name = Products;
			sourceTree = "<group>";
		};
		1BD2F889280558C800A5DD7C /* VIPList */ = {
			isa = PBXGroup;
			children = (
				1BD2F89E280558DE00A5DD7C /* VIPList.entitlements */,
				1BE36E582871003800D4F54F /* View */,
				1BE36E572871003400D4F54F /* ViewController */,
				1BE36E562871002C00D4F54F /* ModelController */,
				1BE36E552871002A00D4F54F /* Model */,
				1BD2F8AE28055E9C00A5DD7C /* Utilities */,
				1BE36E592871005700D4F54F /* Resources */,
				1BD2F898280558CA00A5DD7C /* Info.plist */,
			);
			path = VIPList;
			sourceTree = "<group>";
		};
		1BD2F89F280558E800A5DD7C /* Frameworks */ = {
			isa = PBXGroup;
			children = (
				1BD2F8A0280558E800A5DD7C /* CloudKit.framework */,
			);
			name = Frameworks;
			sourceTree = "<group>";
		};
		1BD2F8AE28055E9C00A5DD7C /* Utilities */ = {
			isa = PBXGroup;
			children = (
				1BD2F8AF28055EB200A5DD7C /* ExerciseError.swift */,
				1BD2F8B12805604800A5DD7C /* AlertController.swift */,
			);
			path = Utilities;
			sourceTree = "<group>";
		};
		1BE36E552871002A00D4F54F /* Model */ = {
			isa = PBXGroup;
			children = (
				1BD2F8A828055DC700A5DD7C /* List.swift */,
			);
			path = Model;
			sourceTree = "<group>";
		};
		1BE36E562871002C00D4F54F /* ModelController */ = {
			isa = PBXGroup;
			children = (
				1BD2F8AC28055E7B00A5DD7C /* ListController.swift */,
			);
			path = ModelController;
			sourceTree = "<group>";
		};
		1BE36E572871003400D4F54F /* ViewController */ = {
			isa = PBXGroup;
			children = (
				1BD2F8A42805599500A5DD7C /* ListTVC.swift */,
			);
			path = ViewController;
			sourceTree = "<group>";
		};
		1BE36E582871003800D4F54F /* View */ = {
			isa = PBXGroup;
			children = (
				1BD2F890280558C800A5DD7C /* Main.storyboard */,
				1BD2F895280558CA00A5DD7C /* LaunchScreen.storyboard */,
				1BD2F8A6280559AB00A5DD7C /* ListTVCell.swift */,
			);
			path = View;
			sourceTree = "<group>";
		};
		1BE36E592871005700D4F54F /* Resources */ = {
			isa = PBXGroup;
			children = (
				1BD2F893280558CA00A5DD7C /* Assets.xcassets */,
				1BD2F88C280558C800A5DD7C /* SceneDelegate.swift */,
				1BD2F88A280558C800A5DD7C /* AppDelegate.swift */,
				1BD2F8AA28055E5D00A5DD7C /* Constants.swift */,
			);
			path = Resources;
			sourceTree = "<group>";
		};
/* End PBXGroup section */

/* Begin PBXNativeTarget section */
		1BD2F886280558C800A5DD7C /* VIPList */ = {
			isa = PBXNativeTarget;
			buildConfigurationList = 1BD2F89B280558CA00A5DD7C /* Build configuration list for PBXNativeTarget "VIPList" */;
			buildPhases = (
				1BD2F883280558C800A5DD7C /* Sources */,
				1BD2F884280558C800A5DD7C /* Frameworks */,
				1BD2F885280558C800A5DD7C /* Resources */,
			);
			buildRules = (
			);
			dependencies = (
			);
			name = VIPList;
			productName = VIPList;
			productReference = 1BD2F887280558C800A5DD7C /* VIPList.app */;
			productType = "com.apple.product-type.application";
		};
/* End PBXNativeTarget section */

/* Begin PBXProject section */
		1BD2F87F280558C800A5DD7C /* Project object */ = {
			isa = PBXProject;
			attributes = {
				BuildIndependentTargetsInParallel = 1;
				LastSwiftUpdateCheck = 1330;
				LastUpgradeCheck = 1330;
				TargetAttributes = {
					1BD2F886280558C800A5DD7C = {
						CreatedOnToolsVersion = 13.3.1;
					};
				};
			};
			buildConfigurationList = 1BD2F882280558C800A5DD7C /* Build configuration list for PBXProject "VIPList" */;
			compatibilityVersion = "Xcode 12.0";
			developmentRegion = en;
			hasScannedForEncodings = 0;
			knownRegions = (
				en,
				Base,
			);
			mainGroup = 1BD2F87E280558C800A5DD7C;
			productRefGroup = 1BD2F888280558C800A5DD7C /* Products */;
			projectDirPath = "";
			projectRoot = "";
			targets = (
				1BD2F886280558C800A5DD7C /* VIPList */,
			);
		};
/* End PBXProject section */

/* Begin PBXResourcesBuildPhase section */
		1BD2F885280558C800A5DD7C /* Resources */ = {
			isa = PBXResourcesBuildPhase;
			buildActionMask = 2147483647;
			files = (
				1BD2F897280558CA00A5DD7C /* LaunchScreen.storyboard in Resources */,
				1BD2F894280558CA00A5DD7C /* Assets.xcassets in Resources */,
				1BD2F892280558C800A5DD7C /* Main.storyboard in Resources */,
			);
			runOnlyForDeploymentPostprocessing = 0;
		};
/* End PBXResourcesBuildPhase section */

/* Begin PBXSourcesBuildPhase section */
		1BD2F883280558C800A5DD7C /* Sources */ = {
			isa = PBXSourcesBuildPhase;
			buildActionMask = 2147483647;
			files = (
				1BD2F8B028055EB200A5DD7C /* ExerciseError.swift in Sources */,
				1BD2F8B22805604800A5DD7C /* AlertController.swift in Sources */,
				1BD2F8A52805599500A5DD7C /* ListTVC.swift in Sources */,
				1BD2F8A7280559AB00A5DD7C /* ListTVCell.swift in Sources */,
				1BD2F88B280558C800A5DD7C /* AppDelegate.swift in Sources */,
				1BD2F8A928055DC700A5DD7C /* List.swift in Sources */,
				1BD2F88D280558C800A5DD7C /* SceneDelegate.swift in Sources */,
				1BD2F8AB28055E5D00A5DD7C /* Constants.swift in Sources */,
				1BD2F8AD28055E7B00A5DD7C /* ListController.swift in Sources */,
			);
			runOnlyForDeploymentPostprocessing = 0;
		};
/* End PBXSourcesBuildPhase section */

/* Begin PBXVariantGroup section */
		1BD2F890280558C800A5DD7C /* Main.storyboard */ = {
			isa = PBXVariantGroup;
			children = (
				1BD2F891280558C800A5DD7C /* Base */,
			);
			name = Main.storyboard;
			sourceTree = "<group>";
		};
		1BD2F895280558CA00A5DD7C /* LaunchScreen.storyboard */ = {
			isa = PBXVariantGroup;
			children = (
				1BD2F896280558CA00A5DD7C /* Base */,
			);
			name = LaunchScreen.storyboard;
			sourceTree = "<group>";
		};
/* End PBXVariantGroup section */

/* Begin XCBuildConfiguration section */
		1BD2F899280558CA00A5DD7C /* Debug */ = {
			isa = XCBuildConfiguration;
			buildSettings = {
				ALWAYS_SEARCH_USER_PATHS = NO;
				CLANG_ANALYZER_NONNULL = YES;
				CLANG_ANALYZER_NUMBER_OBJECT_CONVERSION = YES_AGGRESSIVE;
				CLANG_CXX_LANGUAGE_STANDARD = "gnu++17";
				CLANG_ENABLE_MODULES = YES;
				CLANG_ENABLE_OBJC_ARC = YES;
				CLANG_ENABLE_OBJC_WEAK = YES;
				CLANG_WARN_BLOCK_CAPTURE_AUTORELEASING = YES;
				CLANG_WARN_BOOL_CONVERSION = YES;
				CLANG_WARN_COMMA = YES;
				CLANG_WARN_CONSTANT_CONVERSION = YES;
				CLANG_WARN_DEPRECATED_OBJC_IMPLEMENTATIONS = YES;
				CLANG_WARN_DIRECT_OBJC_ISA_USAGE = YES_ERROR;
				CLANG_WARN_DOCUMENTATION_COMMENTS = YES;
				CLANG_WARN_EMPTY_BODY = YES;
				CLANG_WARN_ENUM_CONVERSION = YES;
				CLANG_WARN_INFINITE_RECURSION = YES;
				CLANG_WARN_INT_CONVERSION = YES;
				CLANG_WARN_NON_LITERAL_NULL_CONVERSION = YES;
				CLANG_WARN_OBJC_IMPLICIT_RETAIN_SELF = YES;
				CLANG_WARN_OBJC_LITERAL_CONVERSION = YES;
				CLANG_WARN_OBJC_ROOT_CLASS = YES_ERROR;
				CLANG_WARN_QUOTED_INCLUDE_IN_FRAMEWORK_HEADER = YES;
				CLANG_WARN_RANGE_LOOP_ANALYSIS = YES;
				CLANG_WARN_STRICT_PROTOTYPES = YES;
				CLANG_WARN_SUSPICIOUS_MOVE = YES;
				CLANG_WARN_UNGUARDED_AVAILABILITY = YES_AGGRESSIVE;
				CLANG_WARN_UNREACHABLE_CODE = YES;
				CLANG_WARN__DUPLICATE_METHOD_MATCH = YES;
				COPY_PHASE_STRIP = NO;
				DEBUG_INFORMATION_FORMAT = dwarf;
				ENABLE_STRICT_OBJC_MSGSEND = YES;
				ENABLE_TESTABILITY = YES;
				GCC_C_LANGUAGE_STANDARD = gnu11;
				GCC_DYNAMIC_NO_PIC = NO;
				GCC_NO_COMMON_BLOCKS = YES;
				GCC_OPTIMIZATION_LEVEL = 0;
				GCC_PREPROCESSOR_DEFINITIONS = (
					"DEBUG=1",
					"$(inherited)",
				);
				GCC_WARN_64_TO_32_BIT_CONVERSION = YES;
				GCC_WARN_ABOUT_RETURN_TYPE = YES_ERROR;
				GCC_WARN_UNDECLARED_SELECTOR = YES;
				GCC_WARN_UNINITIALIZED_AUTOS = YES_AGGRESSIVE;
				GCC_WARN_UNUSED_FUNCTION = YES;
				GCC_WARN_UNUSED_VARIABLE = YES;
				IPHONEOS_DEPLOYMENT_TARGET = 15.4;
				MTL_ENABLE_DEBUG_INFO = INCLUDE_SOURCE;
				MTL_FAST_MATH = YES;
				ONLY_ACTIVE_ARCH = YES;
				SDKROOT = iphoneos;
				SWIFT_ACTIVE_COMPILATION_CONDITIONS = DEBUG;
				SWIFT_OPTIMIZATION_LEVEL = "-Onone";
			};
			name = Debug;
		};
		1BD2F89A280558CA00A5DD7C /* Release */ = {
			isa = XCBuildConfiguration;
			buildSettings = {
				ALWAYS_SEARCH_USER_PATHS = NO;
				CLANG_ANALYZER_NONNULL = YES;
				CLANG_ANALYZER_NUMBER_OBJECT_CONVERSION = YES_AGGRESSIVE;
				CLANG_CXX_LANGUAGE_STANDARD = "gnu++17";
				CLANG_ENABLE_MODULES = YES;
				CLANG_ENABLE_OBJC_ARC = YES;
				CLANG_ENABLE_OBJC_WEAK = YES;
				CLANG_WARN_BLOCK_CAPTURE_AUTORELEASING = YES;
				CLANG_WARN_BOOL_CONVERSION = YES;
				CLANG_WARN_COMMA = YES;
				CLANG_WARN_CONSTANT_CONVERSION = YES;
				CLANG_WARN_DEPRECATED_OBJC_IMPLEMENTATIONS = YES;
				CLANG_WARN_DIRECT_OBJC_ISA_USAGE = YES_ERROR;
				CLANG_WARN_DOCUMENTATION_COMMENTS = YES;
				CLANG_WARN_EMPTY_BODY = YES;
				CLANG_WARN_ENUM_CONVERSION = YES;
				CLANG_WARN_INFINITE_RECURSION = YES;
				CLANG_WARN_INT_CONVERSION = YES;
				CLANG_WARN_NON_LITERAL_NULL_CONVERSION = YES;
				CLANG_WARN_OBJC_IMPLICIT_RETAIN_SELF = YES;
				CLANG_WARN_OBJC_LITERAL_CONVERSION = YES;
				CLANG_WARN_OBJC_ROOT_CLASS = YES_ERROR;
				CLANG_WARN_QUOTED_INCLUDE_IN_FRAMEWORK_HEADER = YES;
				CLANG_WARN_RANGE_LOOP_ANALYSIS = YES;
				CLANG_WARN_STRICT_PROTOTYPES = YES;
				CLANG_WARN_SUSPICIOUS_MOVE = YES;
				CLANG_WARN_UNGUARDED_AVAILABILITY = YES_AGGRESSIVE;
				CLANG_WARN_UNREACHABLE_CODE = YES;
				CLANG_WARN__DUPLICATE_METHOD_MATCH = YES;
				COPY_PHASE_STRIP = NO;
				DEBUG_INFORMATION_FORMAT = "dwarf-with-dsym";
				ENABLE_NS_ASSERTIONS = NO;
				ENABLE_STRICT_OBJC_MSGSEND = YES;
				GCC_C_LANGUAGE_STANDARD = gnu11;
				GCC_NO_COMMON_BLOCKS = YES;
				GCC_WARN_64_TO_32_BIT_CONVERSION = YES;
				GCC_WARN_ABOUT_RETURN_TYPE = YES_ERROR;
				GCC_WARN_UNDECLARED_SELECTOR = YES;
				GCC_WARN_UNINITIALIZED_AUTOS = YES_AGGRESSIVE;
				GCC_WARN_UNUSED_FUNCTION = YES;
				GCC_WARN_UNUSED_VARIABLE = YES;
				IPHONEOS_DEPLOYMENT_TARGET = 15.4;
				MTL_ENABLE_DEBUG_INFO = NO;
				MTL_FAST_MATH = YES;
				SDKROOT = iphoneos;
				SWIFT_COMPILATION_MODE = wholemodule;
				SWIFT_OPTIMIZATION_LEVEL = "-O";
				VALIDATE_PRODUCT = YES;
			};
			name = Release;
		};
		1BD2F89C280558CA00A5DD7C /* Debug */ = {
			isa = XCBuildConfiguration;
			buildSettings = {
				ASSETCATALOG_COMPILER_APPICON_NAME = AppIcon;
				ASSETCATALOG_COMPILER_GLOBAL_ACCENT_COLOR_NAME = AccentColor;
				CODE_SIGN_ENTITLEMENTS = VIPList/VIPList.entitlements;
				CODE_SIGN_STYLE = Automatic;
				CURRENT_PROJECT_VERSION = 1;
				DEVELOPMENT_TEAM = L7AYJDAX2C;
				GENERATE_INFOPLIST_FILE = YES;
				INFOPLIST_FILE = VIPList/Info.plist;
				INFOPLIST_KEY_UIApplicationSupportsIndirectInputEvents = YES;
				INFOPLIST_KEY_UILaunchStoryboardName = LaunchScreen;
				INFOPLIST_KEY_UIMainStoryboardFile = Main;
				INFOPLIST_KEY_UISupportedInterfaceOrientations = UIInterfaceOrientationPortrait;
				INFOPLIST_KEY_UISupportedInterfaceOrientations_iPad = "UIInterfaceOrientationPortrait UIInterfaceOrientationPortraitUpsideDown UIInterfaceOrientationLandscapeLeft UIInterfaceOrientationLandscapeRight";
				INFOPLIST_KEY_UISupportedInterfaceOrientations_iPhone = "UIInterfaceOrientationPortrait UIInterfaceOrientationLandscapeLeft UIInterfaceOrientationLandscapeRight";
				LD_RUNPATH_SEARCH_PATHS = (
					"$(inherited)",
					"@executable_path/Frameworks",
				);
				MARKETING_VERSION = 1.0;
				PRODUCT_BUNDLE_IDENTIFIER = com.CactusApps.VIPList;
				PRODUCT_NAME = "$(TARGET_NAME)";
				SWIFT_EMIT_LOC_STRINGS = YES;
				SWIFT_VERSION = 5.0;
				TARGETED_DEVICE_FAMILY = "1,2";
			};
			name = Debug;
		};
		1BD2F89D280558CA00A5DD7C /* Release */ = {
			isa = XCBuildConfiguration;
			buildSettings = {
				ASSETCATALOG_COMPILER_APPICON_NAME = AppIcon;
				ASSETCATALOG_COMPILER_GLOBAL_ACCENT_COLOR_NAME = AccentColor;
				CODE_SIGN_ENTITLEMENTS = VIPList/VIPList.entitlements;
				CODE_SIGN_STYLE = Automatic;
				CURRENT_PROJECT_VERSION = 1;
				DEVELOPMENT_TEAM = L7AYJDAX2C;
				GENERATE_INFOPLIST_FILE = YES;
				INFOPLIST_FILE = VIPList/Info.plist;
				INFOPLIST_KEY_UIApplicationSupportsIndirectInputEvents = YES;
				INFOPLIST_KEY_UILaunchStoryboardName = LaunchScreen;
				INFOPLIST_KEY_UIMainStoryboardFile = Main;
				INFOPLIST_KEY_UISupportedInterfaceOrientations = UIInterfaceOrientationPortrait;
				INFOPLIST_KEY_UISupportedInterfaceOrientations_iPad = "UIInterfaceOrientationPortrait UIInterfaceOrientationPortraitUpsideDown UIInterfaceOrientationLandscapeLeft UIInterfaceOrientationLandscapeRight";
				INFOPLIST_KEY_UISupportedInterfaceOrientations_iPhone = "UIInterfaceOrientationPortrait UIInterfaceOrientationLandscapeLeft UIInterfaceOrientationLandscapeRight";
				LD_RUNPATH_SEARCH_PATHS = (
					"$(inherited)",
					"@executable_path/Frameworks",
				);
				MARKETING_VERSION = 1.0;
				PRODUCT_BUNDLE_IDENTIFIER = com.CactusApps.VIPList;
				PRODUCT_NAME = "$(TARGET_NAME)";
				SWIFT_EMIT_LOC_STRINGS = YES;
				SWIFT_VERSION = 5.0;
				TARGETED_DEVICE_FAMILY = "1,2";
			};
			name = Release;
		};
/* End XCBuildConfiguration section */

/* Begin XCConfigurationList section */
		1BD2F882280558C800A5DD7C /* Build configuration list for PBXProject "VIPList" */ = {
			isa = XCConfigurationList;
			buildConfigurations = (
				1BD2F899280558CA00A5DD7C /* Debug */,
				1BD2F89A280558CA00A5DD7C /* Release */,
			);
			defaultConfigurationIsVisible = 0;
			defaultConfigurationName = Release;
		};
		1BD2F89B280558CA00A5DD7C /* Build configuration list for PBXNativeTarget "VIPList" */ = {
			isa = XCConfigurationList;
			buildConfigurations = (
				1BD2F89C280558CA00A5DD7C /* Debug */,
				1BD2F89D280558CA00A5DD7C /* Release */,
			);
			defaultConfigurationIsVisible = 0;
			defaultConfigurationName = Release;
		};
/* End XCConfigurationList section */
	};
	rootObject = 1BD2F87F280558C800A5DD7C /* Project object */;
}
